// !$*UTF8*$!
{
	archiveVersion = 1;
	classes = {
	};
	objectVersion = 50;
	objects = {

/* Begin PBXBuildFile section */
		16D600012669D26300C391D2 /* Main.storyboard in Resources */ = {isa = PBXBuildFile; fileRef = 16D6FFFF2669D26300C391D2 /* Main.storyboard */; };
		16D600032669D26600C391D2 /* Assets.xcassets in Resources */ = {isa = PBXBuildFile; fileRef = 16D600022669D26600C391D2 /* Assets.xcassets */; };
		16D600062669D26600C391D2 /* LaunchScreen.storyboard in Resources */ = {isa = PBXBuildFile; fileRef = 16D600042669D26600C391D2 /* LaunchScreen.storyboard */; };
		16D600112669D26600C391D2 /* SingletonExampleTests.swift in Sources */ = {isa = PBXBuildFile; fileRef = 16D600102669D26600C391D2 /* SingletonExampleTests.swift */; };
		16D6001C2669D26600C391D2 /* SingletonExampleUITests.swift in Sources */ = {isa = PBXBuildFile; fileRef = 16D6001B2669D26600C391D2 /* SingletonExampleUITests.swift */; };
		16D6FFFA2669D26300C391D2 /* AppDelegate.swift in Sources */ = {isa = PBXBuildFile; fileRef = 16D6FFF92669D26300C391D2 /* AppDelegate.swift */; };
		16D6FFFC2669D26300C391D2 /* SceneDelegate.swift in Sources */ = {isa = PBXBuildFile; fileRef = 16D6FFFB2669D26300C391D2 /* SceneDelegate.swift */; };
		16D6FFFE2669D26300C391D2 /* ViewController.swift in Sources */ = {isa = PBXBuildFile; fileRef = 16D6FFFD2669D26300C391D2 /* ViewController.swift */; };
/* End PBXBuildFile section */

/* Begin PBXContainerItemProxy section */
		16D6000D2669D26600C391D2 /* PBXContainerItemProxy */ = {
			isa = PBXContainerItemProxy;
			containerPortal = 16D6FFEE2669D26200C391D2 /* Project object */;
			proxyType = 1;
			remoteGlobalIDString = 16D6FFF52669D26300C391D2;
			remoteInfo = SingletonExample;
		};
		16D600182669D26600C391D2 /* PBXContainerItemProxy */ = {
			isa = PBXContainerItemProxy;
			containerPortal = 16D6FFEE2669D26200C391D2 /* Project object */;
			proxyType = 1;
			remoteGlobalIDString = 16D6FFF52669D26300C391D2;
			remoteInfo = SingletonExample;
		};
/* End PBXContainerItemProxy section */

/* Begin PBXFileReference section */
		16D600002669D26300C391D2 /* Base */ = {isa = PBXFileReference; lastKnownFileType = file.storyboard; name = Base; path = Base.lproj/Main.storyboard; sourceTree = "<group>"; };
		16D600022669D26600C391D2 /* Assets.xcassets */ = {isa = PBXFileReference; lastKnownFileType = folder.assetcatalog; path = Assets.xcassets; sourceTree = "<group>"; };
		16D600052669D26600C391D2 /* Base */ = {isa = PBXFileReference; lastKnownFileType = file.storyboard; name = Base; path = Base.lproj/LaunchScreen.storyboard; sourceTree = "<group>"; };
		16D600072669D26600C391D2 /* Info.plist */ = {isa = PBXFileReference; lastKnownFileType = text.plist.xml; path = Info.plist; sourceTree = "<group>"; };
		16D6000C2669D26600C391D2 /* SingletonExampleTests.xctest */ = {isa = PBXFileReference; explicitFileType = wrapper.cfbundle; includeInIndex = 0; path = SingletonExampleTests.xctest; sourceTree = BUILT_PRODUCTS_DIR; };
		16D600102669D26600C391D2 /* SingletonExampleTests.swift */ = {isa = PBXFileReference; lastKnownFileType = sourcecode.swift; path = SingletonExampleTests.swift; sourceTree = "<group>"; };
		16D600122669D26600C391D2 /* Info.plist */ = {isa = PBXFileReference; lastKnownFileType = text.plist.xml; path = Info.plist; sourceTree = "<group>"; };
		16D600172669D26600C391D2 /* SingletonExampleUITests.xctest */ = {isa = PBXFileReference; explicitFileType = wrapper.cfbundle; includeInIndex = 0; path = SingletonExampleUITests.xctest; sourceTree = BUILT_PRODUCTS_DIR; };
		16D6001B2669D26600C391D2 /* SingletonExampleUITests.swift */ = {isa = PBXFileReference; lastKnownFileType = sourcecode.swift; path = SingletonExampleUITests.swift; sourceTree = "<group>"; };
		16D6001D2669D26600C391D2 /* Info.plist */ = {isa = PBXFileReference; lastKnownFileType = text.plist.xml; path = Info.plist; sourceTree = "<group>"; };
		16D6FFF62669D26300C391D2 /* SingletonExample.app */ = {isa = PBXFileReference; explicitFileType = wrapper.application; includeInIndex = 0; path = SingletonExample.app; sourceTree = BUILT_PRODUCTS_DIR; };
		16D6FFF92669D26300C391D2 /* AppDelegate.swift */ = {isa = PBXFileReference; lastKnownFileType = sourcecode.swift; path = AppDelegate.swift; sourceTree = "<group>"; };
		16D6FFFB2669D26300C391D2 /* SceneDelegate.swift */ = {isa = PBXFileReference; lastKnownFileType = sourcecode.swift; path = SceneDelegate.swift; sourceTree = "<group>"; };
		16D6FFFD2669D26300C391D2 /* ViewController.swift */ = {isa = PBXFileReference; lastKnownFileType = sourcecode.swift; path = ViewController.swift; sourceTree = "<group>"; };
/* End PBXFileReference section */

/* Begin PBXFrameworksBuildPhase section */
		16D600092669D26600C391D2 /* Frameworks */ = {
			isa = PBXFrameworksBuildPhase;
			buildActionMask = 2147483647;
			files = (
			);
			runOnlyForDeploymentPostprocessing = 0;
		};
		16D600142669D26600C391D2 /* Frameworks */ = {
			isa = PBXFrameworksBuildPhase;
			buildActionMask = 2147483647;
			files = (
			);
			runOnlyForDeploymentPostprocessing = 0;
		};
		16D6FFF32669D26300C391D2 /* Frameworks */ = {
			isa = PBXFrameworksBuildPhase;
			buildActionMask = 2147483647;
			files = (
			);
			runOnlyForDeploymentPostprocessing = 0;
		};
/* End PBXFrameworksBuildPhase section */

/* Begin PBXGroup section */
		16D6000F2669D26600C391D2 /* SingletonExampleTests */ = {
			isa = PBXGroup;
			children = (
				16D600102669D26600C391D2 /* SingletonExampleTests.swift */,
				16D600122669D26600C391D2 /* Info.plist */,
			);
			path = SingletonExampleTests;
			sourceTree = "<group>";
		};
		16D6001A2669D26600C391D2 /* SingletonExampleUITests */ = {
			isa = PBXGroup;
			children = (
				16D6001B2669D26600C391D2 /* SingletonExampleUITests.swift */,
				16D6001D2669D26600C391D2 /* Info.plist */,
			);
			path = SingletonExampleUITests;
			sourceTree = "<group>";
		};
		16D6FFED2669D26200C391D2 = {
			isa = PBXGroup;
			children = (
				16D6FFF82669D26300C391D2 /* SingletonExample */,
				16D6000F2669D26600C391D2 /* SingletonExampleTests */,
				16D6001A2669D26600C391D2 /* SingletonExampleUITests */,
				16D6FFF72669D26300C391D2 /* Products */,
			);
			sourceTree = "<group>";
		};
		16D6FFF72669D26300C391D2 /* Products */ = {
			isa = PBXGroup;
			children = (
				16D6FFF62669D26300C391D2 /* SingletonExample.app */,
				16D6000C2669D26600C391D2 /* SingletonExampleTests.xctest */,
				16D600172669D26600C391D2 /* SingletonExampleUITests.xctest */,
			);
			name = Products;
			sourceTree = "<group>";
		};
		16D6FFF82669D26300C391D2 /* SingletonExample */ = {
			isa = PBXGroup;
			children = (
				16D6FFF92669D26300C391D2 /* AppDelegate.swift */,
				16D6FFFB2669D26300C391D2 /* SceneDelegate.swift */,
				16D6FFFD2669D26300C391D2 /* ViewController.swift */,
				16D6FFFF2669D26300C391D2 /* Main.storyboard */,
				16D600022669D26600C391D2 /* Assets.xcassets */,
				16D600042669D26600C391D2 /* LaunchScreen.storyboard */,
				16D600072669D26600C391D2 /* Info.plist */,
			);
			path = SingletonExample;
			sourceTree = "<group>";
		};
/* End PBXGroup section */

/* Begin PBXNativeTarget section */
		16D6000B2669D26600C391D2 /* SingletonExampleTests */ = {
			isa = PBXNativeTarget;
			buildConfigurationList = 16D600232669D26600C391D2 /* Build configuration list for PBXNativeTarget "SingletonExampleTests" */;
			buildPhases = (
				16D600082669D26600C391D2 /* Sources */,
				16D600092669D26600C391D2 /* Frameworks */,
				16D6000A2669D26600C391D2 /* Resources */,
			);
			buildRules = (
			);
			dependencies = (
				16D6000E2669D26600C391D2 /* PBXTargetDependency */,
			);
			name = SingletonExampleTests;
			productName = SingletonExampleTests;
			productReference = 16D6000C2669D26600C391D2 /* SingletonExampleTests.xctest */;
			productType = "com.apple.product-type.bundle.unit-test";
		};
		16D600162669D26600C391D2 /* SingletonExampleUITests */ = {
			isa = PBXNativeTarget;
			buildConfigurationList = 16D600262669D26600C391D2 /* Build configuration list for PBXNativeTarget "SingletonExampleUITests" */;
			buildPhases = (
				16D600132669D26600C391D2 /* Sources */,
				16D600142669D26600C391D2 /* Frameworks */,
				16D600152669D26600C391D2 /* Resources */,
			);
			buildRules = (
			);
			dependencies = (
				16D600192669D26600C391D2 /* PBXTargetDependency */,
			);
			name = SingletonExampleUITests;
			productName = SingletonExampleUITests;
			productReference = 16D600172669D26600C391D2 /* SingletonExampleUITests.xctest */;
			productType = "com.apple.product-type.bundle.ui-testing";
		};
		16D6FFF52669D26300C391D2 /* SingletonExample */ = {
			isa = PBXNativeTarget;
			buildConfigurationList = 16D600202669D26600C391D2 /* Build configuration list for PBXNativeTarget "SingletonExample" */;
			buildPhases = (
				16D6FFF22669D26300C391D2 /* Sources */,
				16D6FFF32669D26300C391D2 /* Frameworks */,
				16D6FFF42669D26300C391D2 /* Resources */,
			);
			buildRules = (
			);
			dependencies = (
			);
			name = SingletonExample;
			productName = SingletonExample;
			productReference = 16D6FFF62669D26300C391D2 /* SingletonExample.app */;
			productType = "com.apple.product-type.application";
		};
/* End PBXNativeTarget section */

/* Begin PBXProject section */
		16D6FFEE2669D26200C391D2 /* Project object */ = {
			isa = PBXProject;
			attributes = {
				LastSwiftUpdateCheck = 1250;
				LastUpgradeCheck = 1250;
				TargetAttributes = {
					16D6000B2669D26600C391D2 = {
						CreatedOnToolsVersion = 12.5;
						TestTargetID = 16D6FFF52669D26300C391D2;
					};
					16D600162669D26600C391D2 = {
						CreatedOnToolsVersion = 12.5;
						TestTargetID = 16D6FFF52669D26300C391D2;
					};
					16D6FFF52669D26300C391D2 = {
						CreatedOnToolsVersion = 12.5;
					};
				};
			};
			buildConfigurationList = 16D6FFF12669D26200C391D2 /* Build configuration list for PBXProject "SingletonExample" */;
			compatibilityVersion = "Xcode 9.3";
			developmentRegion = en;
			hasScannedForEncodings = 0;
			knownRegions = (
				en,
				Base,
			);
			mainGroup = 16D6FFED2669D26200C391D2;
			productRefGroup = 16D6FFF72669D26300C391D2 /* Products */;
			projectDirPath = "";
			projectRoot = "";
			targets = (
				16D6FFF52669D26300C391D2 /* SingletonExample */,
				16D6000B2669D26600C391D2 /* SingletonExampleTests */,
				16D600162669D26600C391D2 /* SingletonExampleUITests */,
			);
		};
/* End PBXProject section */

/* Begin PBXResourcesBuildPhase section */
		16D6000A2669D26600C391D2 /* Resources */ = {
			isa = PBXResourcesBuildPhase;
			buildActionMask = 2147483647;
			files = (
			);
			runOnlyForDeploymentPostprocessing = 0;
		};
		16D600152669D26600C391D2 /* Resources */ = {
			isa = PBXResourcesBuildPhase;
			buildActionMask = 2147483647;
			files = (
			);
			runOnlyForDeploymentPostprocessing = 0;
		};
		16D6FFF42669D26300C391D2 /* Resources */ = {
			isa = PBXResourcesBuildPhase;
			buildActionMask = 2147483647;
			files = (
				16D600062669D26600C391D2 /* LaunchScreen.storyboard in Resources */,
				16D600032669D26600C391D2 /* Assets.xcassets in Resources */,
				16D600012669D26300C391D2 /* Main.storyboard in Resources */,
			);
			runOnlyForDeploymentPostprocessing = 0;
		};
/* End PBXResourcesBuildPhase section */

/* Begin PBXSourcesBuildPhase section */
		16D600082669D26600C391D2 /* Sources */ = {
			isa = PBXSourcesBuildPhase;
			buildActionMask = 2147483647;
			files = (
				16D600112669D26600C391D2 /* SingletonExampleTests.swift in Sources */,
			);
			runOnlyForDeploymentPostprocessing = 0;
		};
		16D600132669D26600C391D2 /* Sources */ = {
			isa = PBXSourcesBuildPhase;
			buildActionMask = 2147483647;
			files = (
				16D6001C2669D26600C391D2 /* SingletonExampleUITests.swift in Sources */,
			);
			runOnlyForDeploymentPostprocessing = 0;
		};
		16D6FFF22669D26300C391D2 /* Sources */ = {
			isa = PBXSourcesBuildPhase;
			buildActionMask = 2147483647;
			files = (
				16D6FFFE2669D26300C391D2 /* ViewController.swift in Sources */,
				16D6FFFA2669D26300C391D2 /* AppDelegate.swift in Sources */,
				16D6FFFC2669D26300C391D2 /* SceneDelegate.swift in Sources */,
			);
			runOnlyForDeploymentPostprocessing = 0;
		};
/* End PBXSourcesBuildPhase section */

/* Begin PBXTargetDependency section */
		16D6000E2669D26600C391D2 /* PBXTargetDependency */ = {
			isa = PBXTargetDependency;
			target = 16D6FFF52669D26300C391D2 /* SingletonExample */;
			targetProxy = 16D6000D2669D26600C391D2 /* PBXContainerItemProxy */;
		};
		16D600192669D26600C391D2 /* PBXTargetDependency */ = {
			isa = PBXTargetDependency;
			target = 16D6FFF52669D26300C391D2 /* SingletonExample */;
			targetProxy = 16D600182669D26600C391D2 /* PBXContainerItemProxy */;
		};
/* End PBXTargetDependency section */

/* Begin PBXVariantGroup section */
		16D600042669D26600C391D2 /* LaunchScreen.storyboard */ = {
			isa = PBXVariantGroup;
			children = (
				16D600052669D26600C391D2 /* Base */,
			);
			name = LaunchScreen.storyboard;
			sourceTree = "<group>";
		};
		16D6FFFF2669D26300C391D2 /* Main.storyboard */ = {
			isa = PBXVariantGroup;
			children = (
				16D600002669D26300C391D2 /* Base */,
			);
			name = Main.storyboard;
			sourceTree = "<group>";
		};
/* End PBXVariantGroup section */

/* Begin XCBuildConfiguration section */
		16D6001E2669D26600C391D2 /* Debug */ = {
			isa = XCBuildConfiguration;
			buildSettings = {
				ALWAYS_SEARCH_USER_PATHS = NO;
				CLANG_ANALYZER_NONNULL = YES;
				CLANG_ANALYZER_NUMBER_OBJECT_CONVERSION = YES_AGGRESSIVE;
				CLANG_CXX_LANGUAGE_STANDARD = "gnu++14";
				CLANG_CXX_LIBRARY = "libc++";
				CLANG_ENABLE_MODULES = YES;
				CLANG_ENABLE_OBJC_ARC = YES;
				CLANG_ENABLE_OBJC_WEAK = YES;
				CLANG_WARN_BLOCK_CAPTURE_AUTORELEASING = YES;
				CLANG_WARN_BOOL_CONVERSION = YES;
				CLANG_WARN_COMMA = YES;
				CLANG_WARN_CONSTANT_CONVERSION = YES;
				CLANG_WARN_DEPRECATED_OBJC_IMPLEMENTATIONS = YES;
				CLANG_WARN_DIRECT_OBJC_ISA_USAGE = YES_ERROR;
				CLANG_WARN_DOCUMENTATION_COMMENTS = YES;
				CLANG_WARN_EMPTY_BODY = YES;
				CLANG_WARN_ENUM_CONVERSION = YES;
				CLANG_WARN_INFINITE_RECURSION = YES;
				CLANG_WARN_INT_CONVERSION = YES;
				CLANG_WARN_NON_LITERAL_NULL_CONVERSION = YES;
				CLANG_WARN_OBJC_IMPLICIT_RETAIN_SELF = YES;
				CLANG_WARN_OBJC_LITERAL_CONVERSION = YES;
				CLANG_WARN_OBJC_ROOT_CLASS = YES_ERROR;
				CLANG_WARN_QUOTED_INCLUDE_IN_FRAMEWORK_HEADER = YES;
				CLANG_WARN_RANGE_LOOP_ANALYSIS = YES;
				CLANG_WARN_STRICT_PROTOTYPES = YES;
				CLANG_WARN_SUSPICIOUS_MOVE = YES;
				CLANG_WARN_UNGUARDED_AVAILABILITY = YES_AGGRESSIVE;
				CLANG_WARN_UNREACHABLE_CODE = YES;
				CLANG_WARN__DUPLICATE_METHOD_MATCH = YES;
				COPY_PHASE_STRIP = NO;
				DEBUG_INFORMATION_FORMAT = dwarf;
				ENABLE_STRICT_OBJC_MSGSEND = YES;
				ENABLE_TESTABILITY = YES;
				GCC_C_LANGUAGE_STANDARD = gnu11;
				GCC_DYNAMIC_NO_PIC = NO;
				GCC_NO_COMMON_BLOCKS = YES;
				GCC_OPTIMIZATION_LEVEL = 0;
				GCC_PREPROCESSOR_DEFINITIONS = (
					"DEBUG=1",
					"$(inherited)",
				);
				GCC_WARN_64_TO_32_BIT_CONVERSION = YES;
				GCC_WARN_ABOUT_RETURN_TYPE = YES_ERROR;
				GCC_WARN_UNDECLARED_SELECTOR = YES;
				GCC_WARN_UNINITIALIZED_AUTOS = YES_AGGRESSIVE;
				GCC_WARN_UNUSED_FUNCTION = YES;
				GCC_WARN_UNUSED_VARIABLE = YES;
				IPHONEOS_DEPLOYMENT_TARGET = 14.5;
				MTL_ENABLE_DEBUG_INFO = INCLUDE_SOURCE;
				MTL_FAST_MATH = YES;
				ONLY_ACTIVE_ARCH = YES;
				SDKROOT = iphoneos;
				SWIFT_ACTIVE_COMPILATION_CONDITIONS = DEBUG;
				SWIFT_OPTIMIZATION_LEVEL = "-Onone";
			};
			name = Debug;
		};
		16D6001F2669D26600C391D2 /* Release */ = {
			isa = XCBuildConfiguration;
			buildSettings = {
				ALWAYS_SEARCH_USER_PATHS = NO;
				CLANG_ANALYZER_NONNULL = YES;
				CLANG_ANALYZER_NUMBER_OBJECT_CONVERSION = YES_AGGRESSIVE;
				CLANG_CXX_LANGUAGE_STANDARD = "gnu++14";
				CLANG_CXX_LIBRARY = "libc++";
				CLANG_ENABLE_MODULES = YES;
				CLANG_ENABLE_OBJC_ARC = YES;
				CLANG_ENABLE_OBJC_WEAK = YES;
				CLANG_WARN_BLOCK_CAPTURE_AUTORELEASING = YES;
				CLANG_WARN_BOOL_CONVERSION = YES;
				CLANG_WARN_COMMA = YES;
				CLANG_WARN_CONSTANT_CONVERSION = YES;
				CLANG_WARN_DEPRECATED_OBJC_IMPLEMENTATIONS = YES;
				CLANG_WARN_DIRECT_OBJC_ISA_USAGE = YES_ERROR;
				CLANG_WARN_DOCUMENTATION_COMMENTS = YES;
				CLANG_WARN_EMPTY_BODY = YES;
				CLANG_WARN_ENUM_CONVERSION = YES;
				CLANG_WARN_INFINITE_RECURSION = YES;
				CLANG_WARN_INT_CONVERSION = YES;
				CLANG_WARN_NON_LITERAL_NULL_CONVERSION = YES;
				CLANG_WARN_OBJC_IMPLICIT_RETAIN_SELF = YES;
				CLANG_WARN_OBJC_LITERAL_CONVERSION = YES;
				CLANG_WARN_OBJC_ROOT_CLASS = YES_ERROR;
				CLANG_WARN_QUOTED_INCLUDE_IN_FRAMEWORK_HEADER = YES;
				CLANG_WARN_RANGE_LOOP_ANALYSIS = YES;
				CLANG_WARN_STRICT_PROTOTYPES = YES;
				CLANG_WARN_SUSPICIOUS_MOVE = YES;
				CLANG_WARN_UNGUARDED_AVAILABILITY = YES_AGGRESSIVE;
				CLANG_WARN_UNREACHABLE_CODE = YES;
				CLANG_WARN__DUPLICATE_METHOD_MATCH = YES;
				COPY_PHASE_STRIP = NO;
				DEBUG_INFORMATION_FORMAT = "dwarf-with-dsym";
				ENABLE_NS_ASSERTIONS = NO;
				ENABLE_STRICT_OBJC_MSGSEND = YES;
				GCC_C_LANGUAGE_STANDARD = gnu11;
				GCC_NO_COMMON_BLOCKS = YES;
				GCC_WARN_64_TO_32_BIT_CONVERSION = YES;
				GCC_WARN_ABOUT_RETURN_TYPE = YES_ERROR;
				GCC_WARN_UNDECLARED_SELECTOR = YES;
				GCC_WARN_UNINITIALIZED_AUTOS = YES_AGGRESSIVE;
				GCC_WARN_UNUSED_FUNCTION = YES;
				GCC_WARN_UNUSED_VARIABLE = YES;
				IPHONEOS_DEPLOYMENT_TARGET = 14.5;
				MTL_ENABLE_DEBUG_INFO = NO;
				MTL_FAST_MATH = YES;
				SDKROOT = iphoneos;
				SWIFT_COMPILATION_MODE = wholemodule;
				SWIFT_OPTIMIZATION_LEVEL = "-O";
				VALIDATE_PRODUCT = YES;
			};
			name = Release;
		};
		16D600212669D26600C391D2 /* Debug */ = {
			isa = XCBuildConfiguration;
			buildSettings = {
				ASSETCATALOG_COMPILER_APPICON_NAME = AppIcon;
				ASSETCATALOG_COMPILER_GLOBAL_ACCENT_COLOR_NAME = AccentColor;
				CODE_SIGN_STYLE = Automatic;
				DEVELOPMENT_TEAM = N993RX34M3;
				INFOPLIST_FILE = SingletonExample/Info.plist;
				LD_RUNPATH_SEARCH_PATHS = (
					"$(inherited)",
					"@executable_path/Frameworks",
				);
				PRODUCT_BUNDLE_IDENTIFIER = com.lovelejess.SingletonExample;
				PRODUCT_NAME = "$(TARGET_NAME)";
				SWIFT_VERSION = 5.0;
				TARGETED_DEVICE_FAMILY = "1,2";
			};
			name = Debug;
		};
		16D600222669D26600C391D2 /* Release */ = {
			isa = XCBuildConfiguration;
			buildSettings = {
				ASSETCATALOG_COMPILER_APPICON_NAME = AppIcon;
				ASSETCATALOG_COMPILER_GLOBAL_ACCENT_COLOR_NAME = AccentColor;
				CODE_SIGN_STYLE = Automatic;
				DEVELOPMENT_TEAM = N993RX34M3;
				INFOPLIST_FILE = SingletonExample/Info.plist;
				LD_RUNPATH_SEARCH_PATHS = (
					"$(inherited)",
					"@executable_path/Frameworks",
				);
				PRODUCT_BUNDLE_IDENTIFIER = com.lovelejess.SingletonExample;
				PRODUCT_NAME = "$(TARGET_NAME)";
				SWIFT_VERSION = 5.0;
				TARGETED_DEVICE_FAMILY = "1,2";
			};
			name = Release;
		};
		16D600242669D26600C391D2 /* Debug */ = {
			isa = XCBuildConfiguration;
			buildSettings = {
				ALWAYS_EMBED_SWIFT_STANDARD_LIBRARIES = YES;
				BUNDLE_LOADER = "$(TEST_HOST)";
				CODE_SIGN_STYLE = Automatic;
				DEVELOPMENT_TEAM = N993RX34M3;
				INFOPLIST_FILE = SingletonExampleTests/Info.plist;
				IPHONEOS_DEPLOYMENT_TARGET = 14.5;
				LD_RUNPATH_SEARCH_PATHS = (
					"$(inherited)",
					"@executable_path/Frameworks",
					"@loader_path/Frameworks",
				);
				PRODUCT_BUNDLE_IDENTIFIER = com.lovelejess.SingletonExampleTests;
				PRODUCT_NAME = "$(TARGET_NAME)";
				SWIFT_VERSION = 5.0;
				TARGETED_DEVICE_FAMILY = "1,2";
				TEST_HOST = "$(BUILT_PRODUCTS_DIR)/SingletonExample.app/SingletonExample";
			};
			name = Debug;
		};
		16D600252669D26600C391D2 /* Release */ = {
			isa = XCBuildConfiguration;
			buildSettings = {
				ALWAYS_EMBED_SWIFT_STANDARD_LIBRARIES = YES;
				BUNDLE_LOADER = "$(TEST_HOST)";
				CODE_SIGN_STYLE = Automatic;
				DEVELOPMENT_TEAM = N993RX34M3;
				INFOPLIST_FILE = SingletonExampleTests/Info.plist;
				IPHONEOS_DEPLOYMENT_TARGET = 14.5;
				LD_RUNPATH_SEARCH_PATHS = (
					"$(inherited)",
					"@executable_path/Frameworks",
					"@loader_path/Frameworks",
				);
				PRODUCT_BUNDLE_IDENTIFIER = com.lovelejess.SingletonExampleTests;
				PRODUCT_NAME = "$(TARGET_NAME)";
				SWIFT_VERSION = 5.0;
				TARGETED_DEVICE_FAMILY = "1,2";
				TEST_HOST = "$(BUILT_PRODUCTS_DIR)/SingletonExample.app/SingletonExample";
			};
			name = Release;
		};
		16D600272669D26600C391D2 /* Debug */ = {
			isa = XCBuildConfiguration;
			buildSettings = {
				ALWAYS_EMBED_SWIFT_STANDARD_LIBRARIES = YES;
				CODE_SIGN_STYLE = Automatic;
				DEVELOPMENT_TEAM = N993RX34M3;
				INFOPLIST_FILE = SingletonExampleUITests/Info.plist;
				LD_RUNPATH_SEARCH_PATHS = (
					"$(inherited)",
					"@executable_path/Frameworks",
					"@loader_path/Frameworks",
				);
				PRODUCT_BUNDLE_IDENTIFIER = com.lovelejess.SingletonExampleUITests;
				PRODUCT_NAME = "$(TARGET_NAME)";
				SWIFT_VERSION = 5.0;
				TARGETED_DEVICE_FAMILY = "1,2";
				TEST_TARGET_NAME = SingletonExample;
			};
			name = Debug;
		};
		16D600282669D26600C391D2 /* Release */ = {
			isa = XCBuildConfiguration;
			buildSettings = {
				ALWAYS_EMBED_SWIFT_STANDARD_LIBRARIES = YES;
				CODE_SIGN_STYLE = Automatic;
				DEVELOPMENT_TEAM = N993RX34M3;
				INFOPLIST_FILE = SingletonExampleUITests/Info.plist;
				LD_RUNPATH_SEARCH_PATHS = (
					"$(inherited)",
					"@executable_path/Frameworks",
					"@loader_path/Frameworks",
				);
				PRODUCT_BUNDLE_IDENTIFIER = com.lovelejess.SingletonExampleUITests;
				PRODUCT_NAME = "$(TARGET_NAME)";
				SWIFT_VERSION = 5.0;
				TARGETED_DEVICE_FAMILY = "1,2";
				TEST_TARGET_NAME = SingletonExample;
			};
			name = Release;
		};
/* End XCBuildConfiguration section */

/* Begin XCConfigurationList section */
		16D600202669D26600C391D2 /* Build configuration list for PBXNativeTarget "SingletonExample" */ = {
			isa = XCConfigurationList;
			buildConfigurations = (
				16D600212669D26600C391D2 /* Debug */,
				16D600222669D26600C391D2 /* Release */,
			);
			defaultConfigurationIsVisible = 0;
			defaultConfigurationName = Release;
		};
		16D600232669D26600C391D2 /* Build configuration list for PBXNativeTarget "SingletonExampleTests" */ = {
			isa = XCConfigurationList;
			buildConfigurations = (
				16D600242669D26600C391D2 /* Debug */,
				16D600252669D26600C391D2 /* Release */,
			);
			defaultConfigurationIsVisible = 0;
			defaultConfigurationName = Release;
		};
		16D600262669D26600C391D2 /* Build configuration list for PBXNativeTarget "SingletonExampleUITests" */ = {
			isa = XCConfigurationList;
			buildConfigurations = (
				16D600272669D26600C391D2 /* Debug */,
				16D600282669D26600C391D2 /* Release */,
			);
			defaultConfigurationIsVisible = 0;
			defaultConfigurationName = Release;
		};
		16D6FFF12669D26200C391D2 /* Build configuration list for PBXProject "SingletonExample" */ = {
			isa = XCConfigurationList;
			buildConfigurations = (
				16D6001E2669D26600C391D2 /* Debug */,
				16D6001F2669D26600C391D2 /* Release */,
			);
			defaultConfigurationIsVisible = 0;
			defaultConfigurationName = Release;
		};
/* End XCConfigurationList section */
	};
	rootObject = 16D6FFEE2669D26200C391D2 /* Project object */;
}
